
Microsoft Visual Studio Solution File, Format Version 12.00
# Visual Studio 15
VisualStudioVersion = 15.0.27130.2010
MinimumVisualStudioVersion = 10.0.40219.1
Project("{8BC9CEB8-8B4A-11D0-8D11-00A0C91BC942}") = "LB2D", "LB2D\LB2D.vcxproj", "{807DE386-8919-4843-AE52-D45A65725334}"
EndProject
Project("{8BC9CEB8-8B4A-11D0-8D11-00A0C91BC942}") = "BD2D", "BD2D\BD2D.vcxproj", "{0673CA06-5571-45EC-962D-BA9214C31E45}"
EndProject
Project("{8BC9CEB8-8B4A-11D0-8D11-00A0C91BC942}") = "BD2D_MPI", "BD2D_MPI\BD2D_MPI.vcxproj", "{7F717E6E-C0F9-4A78-8536-9A75A88B0AC3}"
EndProject
Project("{8BC9CEB8-8B4A-11D0-8D11-00A0C91BC942}") = "Common", "Common\Common.vcxproj", "{22D49D3F-3249-4648-A6FB-094EA9B70B35}"
EndProject
Project("{8BC9CEB8-8B4A-11D0-8D11-00A0C91BC942}") = "lattice", "lattice\lattice.vcxproj", "{F086D8BB-C5A3-4139-BAB1-954EA71E6D6F}"
EndProject
Global
	GlobalSection(Performance) = preSolution
		HasPerformanceSessions = true
	EndGlobalSection
	GlobalSection(SolutionConfigurationPlatforms) = preSolution
		Debug|x64 = Debug|x64
		Debug|x86 = Debug|x86
		Release|x64 = Release|x64
		Release|x86 = Release|x86
	EndGlobalSection
	GlobalSection(ProjectConfigurationPlatforms) = postSolution
		{807DE386-8919-4843-AE52-D45A65725334}.Debug|x64.ActiveCfg = Debug|x64
		{807DE386-8919-4843-AE52-D45A65725334}.Debug|x64.Build.0 = Debug|x64
		{807DE386-8919-4843-AE52-D45A65725334}.Debug|x86.ActiveCfg = Debug|Win32
		{807DE386-8919-4843-AE52-D45A65725334}.Debug|x86.Build.0 = Debug|Win32
		{807DE386-8919-4843-AE52-D45A65725334}.Release|x64.ActiveCfg = Release|x64
		{807DE386-8919-4843-AE52-D45A65725334}.Release|x64.Build.0 = Release|x64
		{807DE386-8919-4843-AE52-D45A65725334}.Release|x86.ActiveCfg = Release|Win32
		{807DE386-8919-4843-AE52-D45A65725334}.Release|x86.Build.0 = Release|Win32
		{0673CA06-5571-45EC-962D-BA9214C31E45}.Debug|x64.ActiveCfg = Debug|x64
		{0673CA06-5571-45EC-962D-BA9214C31E45}.Debug|x64.Build.0 = Debug|x64
		{0673CA06-5571-45EC-962D-BA9214C31E45}.Debug|x86.ActiveCfg = Debug|Win32
		{0673CA06-5571-45EC-962D-BA9214C31E45}.Debug|x86.Build.0 = Debug|Win32
		{0673CA06-5571-45EC-962D-BA9214C31E45}.Release|x64.ActiveCfg = Release|x64
		{0673CA06-5571-45EC-962D-BA9214C31E45}.Release|x64.Build.0 = Release|x64
		{0673CA06-5571-45EC-962D-BA9214C31E45}.Release|x86.ActiveCfg = Release|Win32
		{0673CA06-5571-45EC-962D-BA9214C31E45}.Release|x86.Build.0 = Release|Win32
		{7F717E6E-C0F9-4A78-8536-9A75A88B0AC3}.Debug|x64.ActiveCfg = Debug|x64
		{7F717E6E-C0F9-4A78-8536-9A75A88B0AC3}.Debug|x64.Build.0 = Debug|x64
		{7F717E6E-C0F9-4A78-8536-9A75A88B0AC3}.Debug|x86.ActiveCfg = Debug|Win32
		{7F717E6E-C0F9-4A78-8536-9A75A88B0AC3}.Debug|x86.Build.0 = Debug|Win32
		{7F717E6E-C0F9-4A78-8536-9A75A88B0AC3}.Release|x64.ActiveCfg = Release|x64
		{7F717E6E-C0F9-4A78-8536-9A75A88B0AC3}.Release|x64.Build.0 = Release|x64
		{7F717E6E-C0F9-4A78-8536-9A75A88B0AC3}.Release|x86.ActiveCfg = Release|Win32
		{7F717E6E-C0F9-4A78-8536-9A75A88B0AC3}.Release|x86.Build.0 = Release|Win32
		{22D49D3F-3249-4648-A6FB-094EA9B70B35}.Debug|x64.ActiveCfg = Debug|x64
		{22D49D3F-3249-4648-A6FB-094EA9B70B35}.Debug|x64.Build.0 = Debug|x64
		{22D49D3F-3249-4648-A6FB-094EA9B70B35}.Debug|x86.ActiveCfg = Debug|Win32
		{22D49D3F-3249-4648-A6FB-094EA9B70B35}.Debug|x86.Build.0 = Debug|Win32
		{22D49D3F-3249-4648-A6FB-094EA9B70B35}.Release|x64.ActiveCfg = Release|x64
		{22D49D3F-3249-4648-A6FB-094EA9B70B35}.Release|x64.Build.0 = Release|x64
		{22D49D3F-3249-4648-A6FB-094EA9B70B35}.Release|x86.ActiveCfg = Release|Win32
		{22D49D3F-3249-4648-A6FB-094EA9B70B35}.Release|x86.Build.0 = Release|Win32
		{F086D8BB-C5A3-4139-BAB1-954EA71E6D6F}.Debug|x64.ActiveCfg = Debug|x64
		{F086D8BB-C5A3-4139-BAB1-954EA71E6D6F}.Debug|x64.Build.0 = Debug|x64
		{F086D8BB-C5A3-4139-BAB1-954EA71E6D6F}.Debug|x86.ActiveCfg = Debug|Win32
		{F086D8BB-C5A3-4139-BAB1-954EA71E6D6F}.Debug|x86.Build.0 = Debug|Win32
		{F086D8BB-C5A3-4139-BAB1-954EA71E6D6F}.Release|x64.ActiveCfg = Release|x64
		{F086D8BB-C5A3-4139-BAB1-954EA71E6D6F}.Release|x64.Build.0 = Release|x64
		{F086D8BB-C5A3-4139-BAB1-954EA71E6D6F}.Release|x86.ActiveCfg = Release|Win32
		{F086D8BB-C5A3-4139-BAB1-954EA71E6D6F}.Release|x86.Build.0 = Release|Win32
	EndGlobalSection
	GlobalSection(SolutionProperties) = preSolution
		HideSolutionNode = FALSE
	EndGlobalSection
	GlobalSection(ExtensibilityGlobals) = postSolution
		SolutionGuid = {BB5CB299-CF80-4AFD-A0E4-FD9E0D86F5F9}
	EndGlobalSection
EndGlobal
